Microsoft Visual Studio Solution File, Format Version 12.00
# Visual Studio Version 17
VisualStudioVersion = 17.5.2.0
MinimumVisualStudioVersion = 10.0.40219.1
Project("{FAE04EC0-301F-11D3-BF4B-00C04F79EFBC}") = "AlliedHealth.Common", "AlliedHealth.Common.csproj", "{EE15FD38-B51F-8624-9E2B-397CBF8027F6}"
EndProject
Global
	GlobalSection(SolutionConfigurationPlatforms) = preSolution
		Debug|Any CPU = Debug|Any CPU
		Release|Any CPU = Release|Any CPU
	EndGlobalSection
	GlobalSection(ProjectConfigurationPlatforms) = postSolution
		{EE15FD38-B51F-8624-9E2B-397CBF8027F6}.Debug|Any CPU.ActiveCfg = Debug|Any CPU
		{EE15FD38-B51F-8624-9E2B-397CBF8027F6}.Debug|Any CPU.Build.0 = Debug|Any CPU
		{EE15FD38-B51F-8624-9E2B-397CBF8027F6}.Release|Any CPU.ActiveCfg = Release|Any CPU
		{EE15FD38-B51F-8624-9E2B-397CBF8027F6}.Release|Any CPU.Build.0 = Release|Any CPU
	EndGlobalSection
	GlobalSection(SolutionProperties) = preSolution
		HideSolutionNode = FALSE
	EndGlobalSection
	GlobalSection(ExtensibilityGlobals) = postSolution
		SolutionGuid = {4B87EFA7-A6A3-47E1-B8F2-0A0855407107}
	EndGlobalSection
EndGlobal
